
Microsoft Visual Studio Solution File, Format Version 12.00
# Visual Studio Version 17
VisualStudioVersion = 17.6.33723.286
MinimumVisualStudioVersion = 10.0.40219.1
Project("{FAE04EC0-301F-11D3-BF4B-00C04F79EFBC}") = "laba_10", "laba_10\laba_10.csproj", "{A122FED1-7785-4AF2-B15E-493C2C8B72B5}"
EndProject
Global
	GlobalSection(SolutionConfigurationPlatforms) = preSolution
		Debug|Any CPU = Debug|Any CPU
		Release|Any CPU = Release|Any CPU
	EndGlobalSection
	GlobalSection(ProjectConfigurationPlatforms) = postSolution
		{A122FED1-7785-4AF2-B15E-493C2C8B72B5}.Debug|Any CPU.ActiveCfg = Debug|Any CPU
		{A122FED1-7785-4AF2-B15E-493C2C8B72B5}.Debug|Any CPU.Build.0 = Debug|Any CPU
		{A122FED1-7785-4AF2-B15E-493C2C8B72B5}.Release|Any CPU.ActiveCfg = Release|Any CPU
		{A122FED1-7785-4AF2-B15E-493C2C8B72B5}.Release|Any CPU.Build.0 = Release|Any CPU
	EndGlobalSection
	GlobalSection(SolutionProperties) = preSolution
		HideSolutionNode = FALSE
	EndGlobalSection
	GlobalSection(ExtensibilityGlobals) = postSolution
		SolutionGuid = {91475CCE-49D8-4850-922D-CAFC6A468A46}
	EndGlobalSection
EndGlobal
